
Microsoft Visual Studio Solution File, Format Version 12.00
# Visual Studio Version 17
VisualStudioVersion = 17.0.31903.59
MinimumVisualStudioVersion = 10.0.40219.1
Project("{FAE04EC0-301F-11D3-BF4B-00C04F79EFBC}") = "NV2", "NV2\NV2.csproj", "{3C9F905C-F09F-4CD7-829F-3461A7935954}"
EndProject
Global
	GlobalSection(SolutionConfigurationPlatforms) = preSolution
		Debug|Any CPU = Debug|Any CPU
		Release|Any CPU = Release|Any CPU
	EndGlobalSection
	GlobalSection(ProjectConfigurationPlatforms) = postSolution
		{3C9F905C-F09F-4CD7-829F-3461A7935954}.Debug|Any CPU.ActiveCfg = Debug|Any CPU
		{3C9F905C-F09F-4CD7-829F-3461A7935954}.Debug|Any CPU.Build.0 = Debug|Any CPU
		{3C9F905C-F09F-4CD7-829F-3461A7935954}.Release|Any CPU.ActiveCfg = Release|Any CPU
		{3C9F905C-F09F-4CD7-829F-3461A7935954}.Release|Any CPU.Build.0 = Release|Any CPU
	EndGlobalSection
	GlobalSection(SolutionProperties) = preSolution
		HideSolutionNode = FALSE
	EndGlobalSection
	GlobalSection(ExtensibilityGlobals) = postSolution
		SolutionGuid = {E5F495AD-C2EF-48D5-B717-45D30E7185FE}
	EndGlobalSection
EndGlobal
